// !$*UTF8*$!
{
	archiveVersion = 1;
	classes = {
	};
	objectVersion = 77;
	objects = {

/* Begin PBXContainerItemProxy section */
		4EC1A0063068B8A10071D2C9 /* PBXContainerItemProxy */ = {
			isa = PBXContainerItemProxy;
			containerPortal = 4EBB94DE3068B8A10071D2C9 /* Project object */;
			proxyType = 1;
			remoteGlobalIDString = 4EBB94E53068B8A10071D2C9;
			remoteInfo = CameraStarter;
		};
/* End PBXContainerItemProxy section */

/* Begin PBXFileReference section */
		4EC1A0003068B8A10071D2C9 /* CameraStarterTests.xctest */ = {isa = PBXFileReference; explicitFileType = wrapper.cfbundle; includeInIndex = 0; path = CameraStarterTests.xctest; sourceTree = BUILT_PRODUCTS_DIR; };
		4EBB94E63068B8A10071D2C9 /* CameraStarter.app */ = {isa = PBXFileReference; explicitFileType = wrapper.application; includeInIndex = 0; path = CameraStarter.app; sourceTree = BUILT_PRODUCTS_DIR; };
		4EC0FFEE3068B8A10071D2C9 /* Signing.xcconfig */ = {isa = PBXFileReference; lastKnownFileType = text.xcconfig; path = Signing.xcconfig; sourceTree = "<group>"; };
/* End PBXFileReference section */

/* Begin PBXFileSystemSynchronizedRootGroup section */
		4EBB94E83068B8A10071D2C9 /* CameraStarter */ = {
			isa = PBXFileSystemSynchronizedRootGroup;
			path = CameraStarter;
			sourceTree = "<group>";
		};
		4EC1A0013068B8A10071D2C9 /* CameraStarterTests */ = {
			isa = PBXFileSystemSynchronizedRootGroup;
			path = CameraStarterTests;
			sourceTree = "<group>";
		};
/* End PBXFileSystemSynchronizedRootGroup section */

/* Begin PBXFrameworksBuildPhase section */
		4EBB94E33068B8A10071D2C9 /* Frameworks */ = {
			isa = PBXFrameworksBuildPhase;
			buildActionMask = 2147483647;
			files = (
			);
			runOnlyForDeploymentPostprocessing = 0;
		};
		4EC1A0033068B8A10071D2C9 /* Frameworks */ = {
			isa = PBXFrameworksBuildPhase;
			buildActionMask = 2147483647;
			files = (
			);
			runOnlyForDeploymentPostprocessing = 0;
		};
/* End PBXFrameworksBuildPhase section */

/* Begin PBXGroup section */
		4EBB94DD3068B8A10071D2C9 = {
			isa = PBXGroup;
			children = (
				4EBB94E83068B8A10071D2C9 /* CameraStarter */,
				4EC1A0013068B8A10071D2C9 /* CameraStarterTests */,
				4EC0FFEF3068B8A10071D2C9 /* Config */,
				4EBB94E73068B8A10071D2C9 /* Products */,
			);
			sourceTree = "<group>";
		};
		4EBB94E73068B8A10071D2C9 /* Products */ = {
			isa = PBXGroup;
			children = (
				4EBB94E63068B8A10071D2C9 /* CameraStarter.app */,
				4EC1A0003068B8A10071D2C9 /* CameraStarterTests.xctest */,
			);
			name = Products;
			sourceTree = "<group>";
		};
		4EC0FFEF3068B8A10071D2C9 /* Config */ = {
			isa = PBXGroup;
			children = (
				4EC0FFEE3068B8A10071D2C9 /* Signing.xcconfig */,
			);
			path = Config;
			sourceTree = "<group>";
		};
/* End PBXGroup section */

/* Begin PBXNativeTarget section */
		4EBB94E53068B8A10071D2C9 /* CameraStarter */ = {
			isa = PBXNativeTarget;
			buildConfigurationList = 4EBB94F13068B8A40071D2C9 /* Build configuration list for PBXNativeTarget "CameraStarter" */;
			buildPhases = (
				4EBB94E23068B8A10071D2C9 /* Sources */,
				4EBB94E33068B8A10071D2C9 /* Frameworks */,
				4EBB94E43068B8A10071D2C9 /* Resources */,
			);
			buildRules = (
			);
			dependencies = (
			);
			fileSystemSynchronizedGroups = (
				4EBB94E83068B8A10071D2C9 /* CameraStarter */,
			);
			name = CameraStarter;
			packageProductDependencies = (
			);
			productName = CameraStarter;
			productReference = 4EBB94E63068B8A10071D2C9 /* CameraStarter.app */;
			productType = "com.apple.product-type.application";
		};
		4EC1A0053068B8A10071D2C9 /* CameraStarterTests */ = {
			isa = PBXNativeTarget;
			buildConfigurationList = 4EC1A0083068B8A10071D2C9 /* Build configuration list for PBXNativeTarget "CameraStarterTests" */;
			buildPhases = (
				4EC1A0023068B8A10071D2C9 /* Sources */,
				4EC1A0033068B8A10071D2C9 /* Frameworks */,
				4EC1A0043068B8A10071D2C9 /* Resources */,
			);
			buildRules = (
			);
			dependencies = (
				4EC1A0073068B8A10071D2C9 /* PBXTargetDependency */,
			);
			fileSystemSynchronizedGroups = (
				4EC1A0013068B8A10071D2C9 /* CameraStarterTests */,
			);
			name = CameraStarterTests;
			packageProductDependencies = (
			);
			productName = CameraStarterTests;
			productReference = 4EC1A0003068B8A10071D2C9 /* CameraStarterTests.xctest */;
			productType = "com.apple.product-type.bundle.unit-test";
		};
/* End PBXNativeTarget section */

/* Begin PBXProject section */
		4EBB94DE3068B8A10071D2C9 /* Project object */ = {
			isa = PBXProject;
			attributes = {
				BuildIndependentTargetsInParallel = 1;
				LastSwiftUpdateCheck = 2660;
				LastUpgradeCheck = 2660;
				TargetAttributes = {
					4EBB94E53068B8A10071D2C9 = {
						CreatedOnToolsVersion = 26.6;
					};
					4EC1A0053068B8A10071D2C9 = {
						CreatedOnToolsVersion = 26.6;
						TestTargetID = 4EBB94E53068B8A10071D2C9;
					};
				};
			};
			buildConfigurationList = 4EBB94E13068B8A10071D2C9 /* Build configuration list for PBXProject "CameraStarter" */;
			developmentRegion = en;
			hasScannedForEncodings = 0;
			knownRegions = (
				en,
				Base,
			);
			mainGroup = 4EBB94DD3068B8A10071D2C9;
			minimizedProjectReferenceProxies = 1;
			preferredProjectObjectVersion = 77;
			productRefGroup = 4EBB94E73068B8A10071D2C9 /* Products */;
			projectDirPath = "";
			projectRoot = "";
			targets = (
				4EBB94E53068B8A10071D2C9 /* CameraStarter */,
				4EC1A0053068B8A10071D2C9 /* CameraStarterTests */,
			);
		};
/* End PBXProject section */

/* Begin PBXResourcesBuildPhase section */
		4EBB94E43068B8A10071D2C9 /* Resources */ = {
			isa = PBXResourcesBuildPhase;
			buildActionMask = 2147483647;
			files = (
			);
			runOnlyForDeploymentPostprocessing = 0;
		};
		4EC1A0043068B8A10071D2C9 /* Resources */ = {
			isa = PBXResourcesBuildPhase;
			buildActionMask = 2147483647;
			files = (
			);
			runOnlyForDeploymentPostprocessing = 0;
		};
/* End PBXResourcesBuildPhase section */

/* Begin PBXSourcesBuildPhase section */
		4EBB94E23068B8A10071D2C9 /* Sources */ = {
			isa = PBXSourcesBuildPhase;
			buildActionMask = 2147483647;
			files = (
			);
			runOnlyForDeploymentPostprocessing = 0;
		};
		4EC1A0023068B8A10071D2C9 /* Sources */ = {
			isa = PBXSourcesBuildPhase;
			buildActionMask = 2147483647;
			files = (
			);
			runOnlyForDeploymentPostprocessing = 0;
		};
/* End PBXSourcesBuildPhase section */

/* Begin PBXTargetDependency section */
		4EC1A0073068B8A10071D2C9 /* PBXTargetDependency */ = {
			isa = PBXTargetDependency;
			target = 4EBB94E53068B8A10071D2C9 /* CameraStarter */;
			targetProxy = 4EC1A0063068B8A10071D2C9 /* PBXContainerItemProxy */;
		};
/* End PBXTargetDependency section */

/* Begin XCBuildConfiguration section */
		4EBB94EF3068B8A40071D2C9 /* Debug */ = {
			isa = XCBuildConfiguration;
			buildSettings = {
				ALWAYS_SEARCH_USER_PATHS = NO;
				ASSETCATALOG_COMPILER_GENERATE_SWIFT_ASSET_SYMBOL_EXTENSIONS = YES;
				CLANG_ANALYZER_NONNULL = YES;
				CLANG_ANALYZER_NUMBER_OBJECT_CONVERSION = YES_AGGRESSIVE;
				CLANG_CXX_LANGUAGE_STANDARD = "gnu++20";
				CLANG_ENABLE_MODULES = YES;
				CLANG_ENABLE_OBJC_ARC = YES;
				CLANG_ENABLE_OBJC_WEAK = YES;
				CLANG_WARN_BLOCK_CAPTURE_AUTORELEASING = YES;
				CLANG_WARN_BOOL_CONVERSION = YES;
				CLANG_WARN_COMMA = YES;
				CLANG_WARN_CONSTANT_CONVERSION = YES;
				CLANG_WARN_DEPRECATED_OBJC_IMPLEMENTATIONS = YES;
				CLANG_WARN_DIRECT_OBJC_ISA_USAGE = YES_ERROR;
				CLANG_WARN_DOCUMENTATION_COMMENTS = YES;
				CLANG_WARN_EMPTY_BODY = YES;
				CLANG_WARN_ENUM_CONVERSION = YES;
				CLANG_WARN_INFINITE_RECURSION = YES;
				CLANG_WARN_INT_CONVERSION = YES;
				CLANG_WARN_NON_LITERAL_NULL_CONVERSION = YES;
				CLANG_WARN_OBJC_IMPLICIT_RETAIN_SELF = YES;
				CLANG_WARN_OBJC_LITERAL_CONVERSION = YES;
				CLANG_WARN_OBJC_ROOT_CLASS = YES_ERROR;
				CLANG_WARN_QUOTED_INCLUDE_IN_FRAMEWORK_HEADER = YES;
				CLANG_WARN_RANGE_LOOP_ANALYSIS = YES;
				CLANG_WARN_STRICT_PROTOTYPES = YES;
				CLANG_WARN_SUSPICIOUS_MOVE = YES;
				CLANG_WARN_UNGUARDED_AVAILABILITY = YES_AGGRESSIVE;
				CLANG_WARN_UNREACHABLE_CODE = YES;
				CLANG_WARN__DUPLICATE_METHOD_MATCH = YES;
				COPY_PHASE_STRIP = NO;
				DEBUG_INFORMATION_FORMAT = dwarf;
				ENABLE_STRICT_OBJC_MSGSEND = YES;
				ENABLE_TESTABILITY = YES;
				ENABLE_USER_SCRIPT_SANDBOXING = YES;
				GCC_C_LANGUAGE_STANDARD = gnu17;
				GCC_DYNAMIC_NO_PIC = NO;
				GCC_NO_COMMON_BLOCKS = YES;
				GCC_OPTIMIZATION_LEVEL = 0;
				GCC_PREPROCESSOR_DEFINITIONS = (
					"DEBUG=1",
					"$(inherited)",
				);
				GCC_WARN_64_TO_32_BIT_CONVERSION = YES;
				GCC_WARN_ABOUT_RETURN_TYPE = YES_ERROR;
				GCC_WARN_UNDECLARED_SELECTOR = YES;
				GCC_WARN_UNINITIALIZED_AUTOS = YES_AGGRESSIVE;
				GCC_WARN_UNUSED_FUNCTION = YES;
				GCC_WARN_UNUSED_VARIABLE = YES;
				IPHONEOS_DEPLOYMENT_TARGET = 18.0;
				LOCALIZATION_PREFERS_STRING_CATALOGS = YES;
				MTL_ENABLE_DEBUG_INFO = INCLUDE_SOURCE;
				MTL_FAST_MATH = YES;
				ONLY_ACTIVE_ARCH = YES;
				SDKROOT = iphoneos;
				SWIFT_ACTIVE_COMPILATION_CONDITIONS = "DEBUG $(inherited)";
				SWIFT_OPTIMIZATION_LEVEL = "-Onone";
			};
			name = Debug;
		};
		4EBB94F03068B8A40071D2C9 /* Release */ = {
			isa = XCBuildConfiguration;
			buildSettings = {
				ALWAYS_SEARCH_USER_PATHS = NO;
				ASSETCATALOG_COMPILER_GENERATE_SWIFT_ASSET_SYMBOL_EXTENSIONS = YES;
				CLANG_ANALYZER_NONNULL = YES;
				CLANG_ANALYZER_NUMBER_OBJECT_CONVERSION = YES_AGGRESSIVE;
				CLANG_CXX_LANGUAGE_STANDARD = "gnu++20";
				CLANG_ENABLE_MODULES = YES;
				CLANG_ENABLE_OBJC_ARC = YES;
				CLANG_ENABLE_OBJC_WEAK = YES;
				CLANG_WARN_BLOCK_CAPTURE_AUTORELEASING = YES;
				CLANG_WARN_BOOL_CONVERSION = YES;
				CLANG_WARN_COMMA = YES;
				CLANG_WARN_CONSTANT_CONVERSION = YES;
				CLANG_WARN_DEPRECATED_OBJC_IMPLEMENTATIONS = YES;
				CLANG_WARN_DIRECT_OBJC_ISA_USAGE = YES_ERROR;
				CLANG_WARN_DOCUMENTATION_COMMENTS = YES;
				CLANG_WARN_EMPTY_BODY = YES;
				CLANG_WARN_ENUM_CONVERSION = YES;
				CLANG_WARN_INFINITE_RECURSION = YES;
				CLANG_WARN_INT_CONVERSION = YES;
				CLANG_WARN_NON_LITERAL_NULL_CONVERSION = YES;
				CLANG_WARN_OBJC_IMPLICIT_RETAIN_SELF = YES;
				CLANG_WARN_OBJC_LITERAL_CONVERSION = YES;
				CLANG_WARN_OBJC_ROOT_CLASS = YES_ERROR;
				CLANG_WARN_QUOTED_INCLUDE_IN_FRAMEWORK_HEADER = YES;
				CLANG_WARN_RANGE_LOOP_ANALYSIS = YES;
				CLANG_WARN_STRICT_PROTOTYPES = YES;
				CLANG_WARN_SUSPICIOUS_MOVE = YES;
				CLANG_WARN_UNGUARDED_AVAILABILITY = YES_AGGRESSIVE;
				CLANG_WARN_UNREACHABLE_CODE = YES;
				CLANG_WARN__DUPLICATE_METHOD_MATCH = YES;
				COPY_PHASE_STRIP = NO;
				DEBUG_INFORMATION_FORMAT = "dwarf-with-dsym";
				ENABLE_NS_ASSERTIONS = NO;
				ENABLE_STRICT_OBJC_MSGSEND = YES;
				ENABLE_USER_SCRIPT_SANDBOXING = YES;
				GCC_C_LANGUAGE_STANDARD = gnu17;
				GCC_NO_COMMON_BLOCKS = YES;
				GCC_WARN_64_TO_32_BIT_CONVERSION = YES;
				GCC_WARN_ABOUT_RETURN_TYPE = YES_ERROR;
				GCC_WARN_UNDECLARED_SELECTOR = YES;
				GCC_WARN_UNINITIALIZED_AUTOS = YES_AGGRESSIVE;
				GCC_WARN_UNUSED_FUNCTION = YES;
				GCC_WARN_UNUSED_VARIABLE = YES;
				IPHONEOS_DEPLOYMENT_TARGET = 18.0;
				LOCALIZATION_PREFERS_STRING_CATALOGS = YES;
				MTL_ENABLE_DEBUG_INFO = NO;
				MTL_FAST_MATH = YES;
				SDKROOT = iphoneos;
				SWIFT_COMPILATION_MODE = wholemodule;
				VALIDATE_PRODUCT = YES;
			};
			name = Release;
		};
		4EBB94F23068B8A40071D2C9 /* Debug */ = {
			isa = XCBuildConfiguration;
			baseConfigurationReference = 4EC0FFEE3068B8A10071D2C9 /* Signing.xcconfig */;
			buildSettings = {
				ASSETCATALOG_COMPILER_APPICON_NAME = AppIcon;
				ASSETCATALOG_COMPILER_GLOBAL_ACCENT_COLOR_NAME = AccentColor;
				CODE_SIGN_STYLE = Automatic;
				CURRENT_PROJECT_VERSION = 1;
				ENABLE_PREVIEWS = YES;
				GENERATE_INFOPLIST_FILE = YES;
				INFOPLIST_KEY_CFBundleDisplayName = "Camera Starter";
				INFOPLIST_KEY_NSCameraUsageDescription = "This app uses the camera to take photos and videos.";
				INFOPLIST_KEY_NSLocationWhenInUseUsageDescription = "This app adds your location to the photos you take.";
				INFOPLIST_KEY_NSMicrophoneUsageDescription = "This app uses the microphone to record sound with your videos.";
				INFOPLIST_KEY_NSPhotoLibraryAddUsageDescription = "This app saves the photos and videos you take to your library.";
				INFOPLIST_KEY_NSPhotoLibraryUsageDescription = "This app keeps your shots in an album and shows the latest one as a thumbnail.";
				INFOPLIST_KEY_UIApplicationSceneManifest_Generation = YES;
				INFOPLIST_KEY_UIApplicationSupportsIndirectInputEvents = YES;
				INFOPLIST_KEY_UILaunchScreen_Generation = YES;
				INFOPLIST_KEY_UISupportedInterfaceOrientations_iPhone = UIInterfaceOrientationPortrait;
				IPHONEOS_DEPLOYMENT_TARGET = 18.0;
				LD_RUNPATH_SEARCH_PATHS = (
					"$(inherited)",
					"@executable_path/Frameworks",
				);
				MARKETING_VERSION = 1.0;
				PRODUCT_NAME = "$(TARGET_NAME)";
				STRING_CATALOG_GENERATE_SYMBOLS = YES;
				SWIFT_APPROACHABLE_CONCURRENCY = YES;
				SWIFT_DEFAULT_ACTOR_ISOLATION = MainActor;
				SWIFT_EMIT_LOC_STRINGS = YES;
				SWIFT_UPCOMING_FEATURE_MEMBER_IMPORT_VISIBILITY = YES;
				SWIFT_VERSION = 5.0;
				TARGETED_DEVICE_FAMILY = 1;
			};
			name = Debug;
		};
		4EBB94F33068B8A40071D2C9 /* Release */ = {
			isa = XCBuildConfiguration;
			baseConfigurationReference = 4EC0FFEE3068B8A10071D2C9 /* Signing.xcconfig */;
			buildSettings = {
				ASSETCATALOG_COMPILER_APPICON_NAME = AppIcon;
				ASSETCATALOG_COMPILER_GLOBAL_ACCENT_COLOR_NAME = AccentColor;
				CODE_SIGN_STYLE = Automatic;
				CURRENT_PROJECT_VERSION = 1;
				ENABLE_PREVIEWS = YES;
				GENERATE_INFOPLIST_FILE = YES;
				INFOPLIST_KEY_CFBundleDisplayName = "Camera Starter";
				INFOPLIST_KEY_NSCameraUsageDescription = "This app uses the camera to take photos and videos.";
				INFOPLIST_KEY_NSLocationWhenInUseUsageDescription = "This app adds your location to the photos you take.";
				INFOPLIST_KEY_NSMicrophoneUsageDescription = "This app uses the microphone to record sound with your videos.";
				INFOPLIST_KEY_NSPhotoLibraryAddUsageDescription = "This app saves the photos and videos you take to your library.";
				INFOPLIST_KEY_NSPhotoLibraryUsageDescription = "This app keeps your shots in an album and shows the latest one as a thumbnail.";
				INFOPLIST_KEY_UIApplicationSceneManifest_Generation = YES;
				INFOPLIST_KEY_UIApplicationSupportsIndirectInputEvents = YES;
				INFOPLIST_KEY_UILaunchScreen_Generation = YES;
				INFOPLIST_KEY_UISupportedInterfaceOrientations_iPhone = UIInterfaceOrientationPortrait;
				IPHONEOS_DEPLOYMENT_TARGET = 18.0;
				LD_RUNPATH_SEARCH_PATHS = (
					"$(inherited)",
					"@executable_path/Frameworks",
				);
				MARKETING_VERSION = 1.0;
				PRODUCT_NAME = "$(TARGET_NAME)";
				STRING_CATALOG_GENERATE_SYMBOLS = YES;
				SWIFT_APPROACHABLE_CONCURRENCY = YES;
				SWIFT_DEFAULT_ACTOR_ISOLATION = MainActor;
				SWIFT_EMIT_LOC_STRINGS = YES;
				SWIFT_UPCOMING_FEATURE_MEMBER_IMPORT_VISIBILITY = YES;
				SWIFT_VERSION = 5.0;
				TARGETED_DEVICE_FAMILY = 1;
			};
			name = Release;
		};
		4EC1A0093068B8A10071D2C9 /* Debug */ = {
			isa = XCBuildConfiguration;
			baseConfigurationReference = 4EC0FFEE3068B8A10071D2C9 /* Signing.xcconfig */;
			buildSettings = {
				BUNDLE_LOADER = "$(TEST_HOST)";
				CODE_SIGN_STYLE = Automatic;
				CURRENT_PROJECT_VERSION = 1;
				GENERATE_INFOPLIST_FILE = YES;
				IPHONEOS_DEPLOYMENT_TARGET = 18.0;
				MARKETING_VERSION = 1.0;
				PRODUCT_BUNDLE_IDENTIFIER = "$(APP_BUNDLE_IDENTIFIER).tests";
				PRODUCT_NAME = "$(TARGET_NAME)";
				STRING_CATALOG_GENERATE_SYMBOLS = NO;
				SWIFT_APPROACHABLE_CONCURRENCY = YES;
				SWIFT_DEFAULT_ACTOR_ISOLATION = MainActor;
				SWIFT_EMIT_LOC_STRINGS = NO;
				SWIFT_UPCOMING_FEATURE_MEMBER_IMPORT_VISIBILITY = YES;
				SWIFT_VERSION = 5.0;
				TARGETED_DEVICE_FAMILY = 1;
				TEST_HOST = "$(BUILT_PRODUCTS_DIR)/CameraStarter.app/$(BUNDLE_EXECUTABLE_FOLDER_PATH)/CameraStarter";
			};
			name = Debug;
		};
		4EC1A00A3068B8A10071D2C9 /* Release */ = {
			isa = XCBuildConfiguration;
			baseConfigurationReference = 4EC0FFEE3068B8A10071D2C9 /* Signing.xcconfig */;
			buildSettings = {
				BUNDLE_LOADER = "$(TEST_HOST)";
				CODE_SIGN_STYLE = Automatic;
				CURRENT_PROJECT_VERSION = 1;
				GENERATE_INFOPLIST_FILE = YES;
				IPHONEOS_DEPLOYMENT_TARGET = 18.0;
				MARKETING_VERSION = 1.0;
				PRODUCT_BUNDLE_IDENTIFIER = "$(APP_BUNDLE_IDENTIFIER).tests";
				PRODUCT_NAME = "$(TARGET_NAME)";
				STRING_CATALOG_GENERATE_SYMBOLS = NO;
				SWIFT_APPROACHABLE_CONCURRENCY = YES;
				SWIFT_DEFAULT_ACTOR_ISOLATION = MainActor;
				SWIFT_EMIT_LOC_STRINGS = NO;
				SWIFT_UPCOMING_FEATURE_MEMBER_IMPORT_VISIBILITY = YES;
				SWIFT_VERSION = 5.0;
				TARGETED_DEVICE_FAMILY = 1;
				TEST_HOST = "$(BUILT_PRODUCTS_DIR)/CameraStarter.app/$(BUNDLE_EXECUTABLE_FOLDER_PATH)/CameraStarter";
			};
			name = Release;
		};
/* End XCBuildConfiguration section */

/* Begin XCConfigurationList section */
		4EBB94E13068B8A10071D2C9 /* Build configuration list for PBXProject "CameraStarter" */ = {
			isa = XCConfigurationList;
			buildConfigurations = (
				4EBB94EF3068B8A40071D2C9 /* Debug */,
				4EBB94F03068B8A40071D2C9 /* Release */,
			);
			defaultConfigurationIsVisible = 0;
			defaultConfigurationName = Release;
		};
		4EBB94F13068B8A40071D2C9 /* Build configuration list for PBXNativeTarget "CameraStarter" */ = {
			isa = XCConfigurationList;
			buildConfigurations = (
				4EBB94F23068B8A40071D2C9 /* Debug */,
				4EBB94F33068B8A40071D2C9 /* Release */,
			);
			defaultConfigurationIsVisible = 0;
			defaultConfigurationName = Release;
		};
		4EC1A0083068B8A10071D2C9 /* Build configuration list for PBXNativeTarget "CameraStarterTests" */ = {
			isa = XCConfigurationList;
			buildConfigurations = (
				4EC1A0093068B8A10071D2C9 /* Debug */,
				4EC1A00A3068B8A10071D2C9 /* Release */,
			);
			defaultConfigurationIsVisible = 0;
			defaultConfigurationName = Release;
		};
/* End XCConfigurationList section */
	};
	rootObject = 4EBB94DE3068B8A10071D2C9 /* Project object */;
}
